<?xml version="1.0" encoding="utf-8"?>
<Project ToolsVersion="4.0" xmlns="http://schemas.microsoft.com/developer/msbuild/2003">
  <ItemGroup>
    <Filter Include="Source Files">
      <UniqueIdentifier>{4FC737F1-C7A5-4376-A066-2A32D752A2FF}</UniqueIdentifier>
      <Extensions>cpp;c;cc;cxx;def;odl;idl;hpj;bat;asm;asmx</Extensions>
    </Filter>
    <Filter Include="Header Files">
      <UniqueIdentifier>{93995380-89BD-4b04-88EB-625FBE52EBFB}</UniqueIdentifier>
      <Extensions>h;hpp;hxx;hm;inl;inc;xsd</Extensions>
    </Filter>
    <Filter Include="Resource Files">
      <UniqueIdentifier>{67DA6AB6-F800-4c08-8B7A-83BB121AAD01}</UniqueIdentifier>
      <Extensions>rc;ico;cur;bmp;dlg;rc2;rct;bin;rgs;gif;jpg;jpeg;jpe;resx;tiff;tif;png;wav;mfcribbon-ms</Extensions>
    </Filter>
    <Filter Include="Driver Files">
      <UniqueIdentifier>{8E41214B-6785-4CFE-B992-037D68949A14}</UniqueIdentifier>
      <Extensions>inf;inv;inx;mof;mc;</Extensions>
    </Filter>
  </ItemGroup>
  <ItemGroup>
    <Inf Include="SafeWall.inf">
      <Filter>Driver Files</Filter>
    </Inf>
  </ItemGroup>
  <ItemGroup>
    <ClInclude Include="SafeWall.h">
      <Filter>Header Files</Filter>
    </ClInclude>
    <ClInclude Include="myfs.h">
      <Filter>Header Files</Filter>
    </ClInclude>
    <ClInclude Include="fat.h">
      <Filter>Header Files</Filter>
    </ClInclude>
    <ClInclude Include="fatstruc.h">
      <Filter>Header Files</Filter>
    </ClInclude>
    <ClInclude Include="lfn.h">
      <Filter>Header Files</Filter>
    </ClInclude>
    <ClInclude Include="nodetype.h">
      <Filter>Header Files</Filter>
    </ClInclude>
  </ItemGroup>
  <ItemGroup>
    <ClCompile Include="CompletionRoutine.cpp">
      <Filter>Resource Files</Filter>
    </ClCompile>
    <ClCompile Include="DriverCloseDispatchRoutine.cpp">
      <Filter>Resource Files</Filter>
    </ClCompile>
    <ClCompile Include="DriverControlDispatchRoutine.cpp">
      <Filter>Resource Files</Filter>
    </ClCompile>
    <ClCompile Include="DriverCreateDispatchRoutine.cpp">
      <Filter>Resource Files</Filter>
    </ClCompile>
    <ClCompile Include="DriverEntry.cpp">
      <Filter>Resource Files</Filter>
    </ClCompile>
    <ClCompile Include="DriverReadDispatchRoutine.cpp">
      <Filter>Resource Files</Filter>
    </ClCompile>
    <ClCompile Include="DriverWriteDispatchRoutine.cpp">
      <Filter>Resource Files</Filter>
    </ClCompile>
    <ClCompile Include="FastIoDispatch.cpp">
      <Filter>Resource Files</Filter>
    </ClCompile>
    <ClCompile Include="FileSystemCacheClear.cpp">
      <Filter>Resource Files</Filter>
    </ClCompile>
    <ClCompile Include="FileSystemDeviceControl.cpp">
      <Filter>Resource Files</Filter>
    </ClCompile>
    <ClCompile Include="GetObjectInformation.cpp">
      <Filter>Resource Files</Filter>
    </ClCompile>
    <ClCompile Include="GetProcessName.cpp">
      <Filter>Resource Files</Filter>
    </ClCompile>
    <ClCompile Include="IsShadowCopyVolume.cpp">
      <Filter>Resource Files</Filter>
    </ClCompile>
    <ClCompile Include="SwTransformFile.cpp">
      <Filter>Resource Files</Filter>
    </ClCompile>
    <ClCompile Include="SwTransformCode.cpp">
      <Filter>Resource Files</Filter>
    </ClCompile>
    <ClCompile Include="DriverCleanUpDispatchRoutine.cpp">
      <Filter>Resource Files</Filter>
    </ClCompile>
    <ClCompile Include="FileSytemAttachToDevice.cpp">
      <Filter>Resource Files</Filter>
    </ClCompile>
    <ClCompile Include="SwFileList.cpp">
      <Filter>Resource Files</Filter>
    </ClCompile>
    <ClCompile Include="DriverQueryInformationDispatchRoutine.cpp">
      <Filter>Resource Files</Filter>
    </ClCompile>
    <ClCompile Include="DriverSetInformationDispatchRoutin.cpp">
      <Filter>Resource Files</Filter>
    </ClCompile>
    <ClCompile Include="DriverDirectoryControlDispatchRoutine.cpp">
      <Filter>Resource Files</Filter>
    </ClCompile>
    <ClCompile Include="test.cpp">
      <Filter>Resource Files</Filter>
    </ClCompile>
    <ClCompile Include="MyFileSystemRoutine.cpp">
      <Filter>Resource Files</Filter>
    </ClCompile>
    <ClCompile Include="UserAccess.cpp">
      <Filter>Resource Files</Filter>
    </ClCompile>
    <ClCompile Include="SwProcessList.cpp">
      <Filter>Resource Files</Filter>
    </ClCompile>
  </ItemGroup>
</Project>