<?xml version="1.0" encoding="utf-8"?>
<Project ToolsVersion="4.0" xmlns="http://schemas.microsoft.com/developer/msbuild/2003">
  <ItemGroup>
    <Filter Include="源文件">
      <UniqueIdentifier>{cd87391b-1d8d-478d-bcd0-8246002901d2}</UniqueIdentifier>
    </Filter>
    <Filter Include="生成的文件">
      <UniqueIdentifier>{1a45e031-8475-4f77-87db-866b45c4d4fd}</UniqueIdentifier>
      <SourceControlFiles>False</SourceControlFiles>
    </Filter>
  </ItemGroup>
  <ItemGroup>
    <None Include="swfIcoExtps.def" />
  </ItemGroup>
  <ItemGroup>
    <ClCompile Include="swfIcoExt_i.c">
      <Filter>生成的文件</Filter>
    </ClCompile>
    <ClCompile Include="swfIcoExt_p.c">
      <Filter>生成的文件</Filter>
    </ClCompile>
    <ClCompile Include="dlldata.c">
      <Filter>生成的文件</Filter>
    </ClCompile>
  </ItemGroup>
</Project>